
Microsoft Visual Studio Solution File, Format Version 12.00
# Visual Studio Version 17
VisualStudioVersion = 17.10.35201.131
MinimumVisualStudioVersion = 10.0.40219.1
Project("{FAE04EC0-301F-11D3-BF4B-00C04F79EFBC}") = "coffee_app_backend", "coffee_app_backend\coffee_app_backend.csproj", "{F748AB1C-7D27-4DAE-95DC-2DC14EA578E3}"
EndProject
Global
	GlobalSection(SolutionConfigurationPlatforms) = preSolution
		Debug|Any CPU = Debug|Any CPU
		Release|Any CPU = Release|Any CPU
	EndGlobalSection
	GlobalSection(ProjectConfigurationPlatforms) = postSolution
		{F748AB1C-7D27-4DAE-95DC-2DC14EA578E3}.Debug|Any CPU.ActiveCfg = Debug|Any CPU
		{F748AB1C-7D27-4DAE-95DC-2DC14EA578E3}.Debug|Any CPU.Build.0 = Debug|Any CPU
		{F748AB1C-7D27-4DAE-95DC-2DC14EA578E3}.Release|Any CPU.ActiveCfg = Release|Any CPU
		{F748AB1C-7D27-4DAE-95DC-2DC14EA578E3}.Release|Any CPU.Build.0 = Release|Any CPU
	EndGlobalSection
	GlobalSection(SolutionProperties) = preSolution
		HideSolutionNode = FALSE
	EndGlobalSection
	GlobalSection(ExtensibilityGlobals) = postSolution
		SolutionGuid = {565501EF-15D9-4538-847F-F0BCE679DC11}
	EndGlobalSection
EndGlobal
